
Microsoft Visual Studio Solution File, Format Version 12.00
# Visual Studio Version 16
VisualStudioVersion = 16.0.30523.141
MinimumVisualStudioVersion = 10.0.40219.1
Project("{9A19103F-16F7-4668-BE54-9A1E7A4F7556}") = "TiendaServicios.Api.Autor", "TiendaServicios.Api.Autor\TiendaServicios.Api.Autor.csproj", "{E97566AB-F742-4DC0-9676-34700F9B3223}"
EndProject
Project("{9A19103F-16F7-4668-BE54-9A1E7A4F7556}") = "TiendaServicios.Api.Libro", "TiendaServicios.Api.Libro\TiendaServicios.Api.Libro.csproj", "{A4FA33C2-4B40-46F9-8155-B54329FCD675}"
EndProject
Project("{9A19103F-16F7-4668-BE54-9A1E7A4F7556}") = "TiendaServicios.Api.CarritoCompra", "TiendaServicios.Api.CarritoCompra\TiendaServicios.Api.CarritoCompra.csproj", "{F9FEE219-09CE-4092-A0A2-A99D1B852899}"
EndProject
Project("{9A19103F-16F7-4668-BE54-9A1E7A4F7556}") = "TiendaServicios.Api.Libro.Tests", "TiendaServicios.Api.Libro.Tests\TiendaServicios.Api.Libro.Tests.csproj", "{630943EB-E4B8-4280-9293-EE018D8B0DAA}"
EndProject
Project("{E53339B2-1760-4266-BCC7-CA923CBCF16C}") = "docker-compose", "docker-compose.dcproj", "{D27A901B-3BB3-49F2-AF82-040204183813}"
EndProject
Project("{9A19103F-16F7-4668-BE54-9A1E7A4F7556}") = "TiendaServicios.Api.Gateway", "TiendaServicios.Api.Gateway\TiendaServicios.Api.Gateway.csproj", "{AC50DD15-124E-4926-B7A7-FD9EAFF90B1A}"
EndProject
Project("{9A19103F-16F7-4668-BE54-9A1E7A4F7556}") = "TiendaServicios.RabbitMQ.Bus", "TiendaServicios.RabbitMQ.Bus\TiendaServicios.RabbitMQ.Bus.csproj", "{98354710-9345-414F-B758-DE6773BAB790}"
EndProject
Project("{FAE04EC0-301F-11D3-BF4B-00C04F79EFBC}") = "TiendaServicios.Mensajeria.Email", "..\TiendaServicios.Mensajeria.Email\TiendaServicios.Mensajeria.Email.csproj", "{57E6971A-BB8B-4EE4-B66E-DFF99260FFDF}"
EndProject
Global
	GlobalSection(SolutionConfigurationPlatforms) = preSolution
		Debug|Any CPU = Debug|Any CPU
		Release|Any CPU = Release|Any CPU
	EndGlobalSection
	GlobalSection(ProjectConfigurationPlatforms) = postSolution
		{E97566AB-F742-4DC0-9676-34700F9B3223}.Debug|Any CPU.ActiveCfg = Debug|Any CPU
		{E97566AB-F742-4DC0-9676-34700F9B3223}.Debug|Any CPU.Build.0 = Debug|Any CPU
		{E97566AB-F742-4DC0-9676-34700F9B3223}.Release|Any CPU.ActiveCfg = Release|Any CPU
		{E97566AB-F742-4DC0-9676-34700F9B3223}.Release|Any CPU.Build.0 = Release|Any CPU
		{A4FA33C2-4B40-46F9-8155-B54329FCD675}.Debug|Any CPU.ActiveCfg = Debug|Any CPU
		{A4FA33C2-4B40-46F9-8155-B54329FCD675}.Debug|Any CPU.Build.0 = Debug|Any CPU
		{A4FA33C2-4B40-46F9-8155-B54329FCD675}.Release|Any CPU.ActiveCfg = Release|Any CPU
		{A4FA33C2-4B40-46F9-8155-B54329FCD675}.Release|Any CPU.Build.0 = Release|Any CPU
		{F9FEE219-09CE-4092-A0A2-A99D1B852899}.Debug|Any CPU.ActiveCfg = Debug|Any CPU
		{F9FEE219-09CE-4092-A0A2-A99D1B852899}.Debug|Any CPU.Build.0 = Debug|Any CPU
		{F9FEE219-09CE-4092-A0A2-A99D1B852899}.Release|Any CPU.ActiveCfg = Release|Any CPU
		{F9FEE219-09CE-4092-A0A2-A99D1B852899}.Release|Any CPU.Build.0 = Release|Any CPU
		{630943EB-E4B8-4280-9293-EE018D8B0DAA}.Debug|Any CPU.ActiveCfg = Debug|Any CPU
		{630943EB-E4B8-4280-9293-EE018D8B0DAA}.Debug|Any CPU.Build.0 = Debug|Any CPU
		{630943EB-E4B8-4280-9293-EE018D8B0DAA}.Release|Any CPU.ActiveCfg = Release|Any CPU
		{630943EB-E4B8-4280-9293-EE018D8B0DAA}.Release|Any CPU.Build.0 = Release|Any CPU
		{D27A901B-3BB3-49F2-AF82-040204183813}.Debug|Any CPU.ActiveCfg = Debug|Any CPU
		{D27A901B-3BB3-49F2-AF82-040204183813}.Debug|Any CPU.Build.0 = Debug|Any CPU
		{D27A901B-3BB3-49F2-AF82-040204183813}.Release|Any CPU.ActiveCfg = Release|Any CPU
		{D27A901B-3BB3-49F2-AF82-040204183813}.Release|Any CPU.Build.0 = Release|Any CPU
		{AC50DD15-124E-4926-B7A7-FD9EAFF90B1A}.Debug|Any CPU.ActiveCfg = Debug|Any CPU
		{AC50DD15-124E-4926-B7A7-FD9EAFF90B1A}.Debug|Any CPU.Build.0 = Debug|Any CPU
		{AC50DD15-124E-4926-B7A7-FD9EAFF90B1A}.Release|Any CPU.ActiveCfg = Release|Any CPU
		{AC50DD15-124E-4926-B7A7-FD9EAFF90B1A}.Release|Any CPU.Build.0 = Release|Any CPU
		{98354710-9345-414F-B758-DE6773BAB790}.Debug|Any CPU.ActiveCfg = Debug|Any CPU
		{98354710-9345-414F-B758-DE6773BAB790}.Debug|Any CPU.Build.0 = Debug|Any CPU
		{98354710-9345-414F-B758-DE6773BAB790}.Release|Any CPU.ActiveCfg = Release|Any CPU
		{98354710-9345-414F-B758-DE6773BAB790}.Release|Any CPU.Build.0 = Release|Any CPU
		{57E6971A-BB8B-4EE4-B66E-DFF99260FFDF}.Debug|Any CPU.ActiveCfg = Debug|Any CPU
		{57E6971A-BB8B-4EE4-B66E-DFF99260FFDF}.Debug|Any CPU.Build.0 = Debug|Any CPU
		{57E6971A-BB8B-4EE4-B66E-DFF99260FFDF}.Release|Any CPU.ActiveCfg = Release|Any CPU
		{57E6971A-BB8B-4EE4-B66E-DFF99260FFDF}.Release|Any CPU.Build.0 = Release|Any CPU
	EndGlobalSection
	GlobalSection(SolutionProperties) = preSolution
		HideSolutionNode = FALSE
	EndGlobalSection
	GlobalSection(ExtensibilityGlobals) = postSolution
		SolutionGuid = {6202E0C1-B178-4F46-848C-BBD1714B1CFB}
	EndGlobalSection
EndGlobal
